
Microsoft Visual Studio Solution File, Format Version 12.00
# Visual Studio Version 16
VisualStudioVersion = 16.0.30611.23
MinimumVisualStudioVersion = 10.0.40219.1
Project("{FAE04EC0-301F-11D3-BF4B-00C04F79EFBC}") = "Restaurant_Rater", "Restaurant_Rater\Restaurant_Rater.csproj", "{9583B459-EAC7-4D4E-BF49-528D6730D1CD}"
EndProject
Global
	GlobalSection(SolutionConfigurationPlatforms) = preSolution
		Debug|Any CPU = Debug|Any CPU
		Release|Any CPU = Release|Any CPU
	EndGlobalSection
	GlobalSection(ProjectConfigurationPlatforms) = postSolution
		{9583B459-EAC7-4D4E-BF49-528D6730D1CD}.Debug|Any CPU.ActiveCfg = Debug|Any CPU
		{9583B459-EAC7-4D4E-BF49-528D6730D1CD}.Debug|Any CPU.Build.0 = Debug|Any CPU
		{9583B459-EAC7-4D4E-BF49-528D6730D1CD}.Release|Any CPU.ActiveCfg = Release|Any CPU
		{9583B459-EAC7-4D4E-BF49-528D6730D1CD}.Release|Any CPU.Build.0 = Release|Any CPU
	EndGlobalSection
	GlobalSection(SolutionProperties) = preSolution
		HideSolutionNode = FALSE
	EndGlobalSection
	GlobalSection(ExtensibilityGlobals) = postSolution
		SolutionGuid = {B2C07681-931C-4BBB-9DD9-644B0F0182A7}
	EndGlobalSection
EndGlobal
